
Microsoft Visual Studio Solution File, Format Version 12.00
# Visual Studio Version 17
VisualStudioVersion = 17.9.34701.34
MinimumVisualStudioVersion = 10.0.40219.1
Project("{FAE04EC0-301F-11D3-BF4B-00C04F79EFBC}") = "test", "test\test.csproj", "{600B548F-DE27-4F1B-98CD-B51A20F7FDBF}"
EndProject
Global
	GlobalSection(SolutionConfigurationPlatforms) = preSolution
		Debug|Any CPU = Debug|Any CPU
		Release|Any CPU = Release|Any CPU
	EndGlobalSection
	GlobalSection(ProjectConfigurationPlatforms) = postSolution
		{600B548F-DE27-4F1B-98CD-B51A20F7FDBF}.Debug|Any CPU.ActiveCfg = Debug|Any CPU
		{600B548F-DE27-4F1B-98CD-B51A20F7FDBF}.Debug|Any CPU.Build.0 = Debug|Any CPU
		{600B548F-DE27-4F1B-98CD-B51A20F7FDBF}.Release|Any CPU.ActiveCfg = Release|Any CPU
		{600B548F-DE27-4F1B-98CD-B51A20F7FDBF}.Release|Any CPU.Build.0 = Release|Any CPU
	EndGlobalSection
	GlobalSection(SolutionProperties) = preSolution
		HideSolutionNode = FALSE
	EndGlobalSection
	GlobalSection(ExtensibilityGlobals) = postSolution
		SolutionGuid = {6C3DF1B5-EE3B-4D2F-8613-AF5DF440B37C}
	EndGlobalSection
EndGlobal
